
Microsoft Visual Studio Solution File, Format Version 12.00
# Visual Studio Version 16
VisualStudioVersion = 16.0.29102.190
MinimumVisualStudioVersion = 10.0.40219.1
Project("{2150E333-8FDC-42A3-9474-1A3956D46DE8}") = "0-App", "0-App", "{CE6508DF-1CB5-4DC3-A7B8-5C3C5BA0BB90}"
EndProject
Project("{2150E333-8FDC-42A3-9474-1A3956D46DE8}") = "1-Domain", "1-Domain", "{EE080491-7FE2-4405-B71F-26062933720B}"
EndProject
Project("{2150E333-8FDC-42A3-9474-1A3956D46DE8}") = "2-Infrastructure", "2-Infrastructure", "{2FE240A2-2106-4C67-B399-15E725229B12}"
EndProject
Project("{2150E333-8FDC-42A3-9474-1A3956D46DE8}") = "3-CrossCuting", "3-CrossCuting", "{2756C3C2-92D9-427F-A931-7A2558A09634}"
EndProject
Project("{2150E333-8FDC-42A3-9474-1A3956D46DE8}") = "2.1-Entities", "2.1-Entities", "{1848B928-6741-4D28-BE2E-BD073A483AA9}"
EndProject
Project("{9A19103F-16F7-4668-BE54-9A1E7A4F7556}") = "WishList.Entities", "2-Infrastructure\2.1-Entities\WishList.Entities.csproj", "{A5335F0E-4229-46BE-97CF-E35622B6B417}"
EndProject
Project("{2150E333-8FDC-42A3-9474-1A3956D46DE8}") = "3.1-Helpers", "3.1-Helpers", "{CD913413-768F-421B-AA3A-3BCBD7A1CA68}"
EndProject
Project("{9A19103F-16F7-4668-BE54-9A1E7A4F7556}") = "WishList.Helpers", "3-CrossCutting\3.1-Helpers\WishList.Helpers.csproj", "{6EB7163E-CDEA-46B4-9D36-E29552B3B71E}"
EndProject
Project("{2150E333-8FDC-42A3-9474-1A3956D46DE8}") = "2.2-Repository", "2.2-Repository", "{A4E909A3-9738-4081-A3BE-B29B3F36EB1C}"
EndProject
Project("{9A19103F-16F7-4668-BE54-9A1E7A4F7556}") = "WishList.Repository", "2-Infrastructure\2.2-Repository\WishList.Repository.csproj", "{41A8DFA0-36D9-4726-8B0A-7FA8BE6571B6}"
EndProject
Project("{2150E333-8FDC-42A3-9474-1A3956D46DE8}") = "0.1 - WebApi", "0.1 - WebApi", "{B8193B0B-A5A2-4AA9-92A7-8F9E2B957DAA}"
EndProject
Project("{9A19103F-16F7-4668-BE54-9A1E7A4F7556}") = "WishList.WebApi", "0-App\0.1-WebAPI\WishList.WebApi.csproj", "{22D75DE6-731B-40E0-B2EE-E5EDCB078811}"
EndProject
Project("{9A19103F-16F7-4668-BE54-9A1E7A4F7556}") = "WishList.Domain", "1-Domain\WishList.Domain.csproj", "{723FEFCA-CE9D-435B-841A-93E622849DBB}"
EndProject
Global
	GlobalSection(SolutionConfigurationPlatforms) = preSolution
		Debug|Any CPU = Debug|Any CPU
		Release|Any CPU = Release|Any CPU
	EndGlobalSection
	GlobalSection(ProjectConfigurationPlatforms) = postSolution
		{A5335F0E-4229-46BE-97CF-E35622B6B417}.Debug|Any CPU.ActiveCfg = Debug|Any CPU
		{A5335F0E-4229-46BE-97CF-E35622B6B417}.Debug|Any CPU.Build.0 = Debug|Any CPU
		{A5335F0E-4229-46BE-97CF-E35622B6B417}.Release|Any CPU.ActiveCfg = Release|Any CPU
		{A5335F0E-4229-46BE-97CF-E35622B6B417}.Release|Any CPU.Build.0 = Release|Any CPU
		{6EB7163E-CDEA-46B4-9D36-E29552B3B71E}.Debug|Any CPU.ActiveCfg = Debug|Any CPU
		{6EB7163E-CDEA-46B4-9D36-E29552B3B71E}.Debug|Any CPU.Build.0 = Debug|Any CPU
		{6EB7163E-CDEA-46B4-9D36-E29552B3B71E}.Release|Any CPU.ActiveCfg = Release|Any CPU
		{6EB7163E-CDEA-46B4-9D36-E29552B3B71E}.Release|Any CPU.Build.0 = Release|Any CPU
		{41A8DFA0-36D9-4726-8B0A-7FA8BE6571B6}.Debug|Any CPU.ActiveCfg = Debug|Any CPU
		{41A8DFA0-36D9-4726-8B0A-7FA8BE6571B6}.Debug|Any CPU.Build.0 = Debug|Any CPU
		{41A8DFA0-36D9-4726-8B0A-7FA8BE6571B6}.Release|Any CPU.ActiveCfg = Release|Any CPU
		{41A8DFA0-36D9-4726-8B0A-7FA8BE6571B6}.Release|Any CPU.Build.0 = Release|Any CPU
		{22D75DE6-731B-40E0-B2EE-E5EDCB078811}.Debug|Any CPU.ActiveCfg = Debug|Any CPU
		{22D75DE6-731B-40E0-B2EE-E5EDCB078811}.Debug|Any CPU.Build.0 = Debug|Any CPU
		{22D75DE6-731B-40E0-B2EE-E5EDCB078811}.Release|Any CPU.ActiveCfg = Release|Any CPU
		{22D75DE6-731B-40E0-B2EE-E5EDCB078811}.Release|Any CPU.Build.0 = Release|Any CPU
		{723FEFCA-CE9D-435B-841A-93E622849DBB}.Debug|Any CPU.ActiveCfg = Debug|Any CPU
		{723FEFCA-CE9D-435B-841A-93E622849DBB}.Debug|Any CPU.Build.0 = Debug|Any CPU
		{723FEFCA-CE9D-435B-841A-93E622849DBB}.Release|Any CPU.ActiveCfg = Release|Any CPU
		{723FEFCA-CE9D-435B-841A-93E622849DBB}.Release|Any CPU.Build.0 = Release|Any CPU
	EndGlobalSection
	GlobalSection(SolutionProperties) = preSolution
		HideSolutionNode = FALSE
	EndGlobalSection
	GlobalSection(NestedProjects) = preSolution
		{1848B928-6741-4D28-BE2E-BD073A483AA9} = {2FE240A2-2106-4C67-B399-15E725229B12}
		{A5335F0E-4229-46BE-97CF-E35622B6B417} = {1848B928-6741-4D28-BE2E-BD073A483AA9}
		{CD913413-768F-421B-AA3A-3BCBD7A1CA68} = {2756C3C2-92D9-427F-A931-7A2558A09634}
		{6EB7163E-CDEA-46B4-9D36-E29552B3B71E} = {CD913413-768F-421B-AA3A-3BCBD7A1CA68}
		{A4E909A3-9738-4081-A3BE-B29B3F36EB1C} = {2FE240A2-2106-4C67-B399-15E725229B12}
		{41A8DFA0-36D9-4726-8B0A-7FA8BE6571B6} = {A4E909A3-9738-4081-A3BE-B29B3F36EB1C}
		{B8193B0B-A5A2-4AA9-92A7-8F9E2B957DAA} = {CE6508DF-1CB5-4DC3-A7B8-5C3C5BA0BB90}
		{22D75DE6-731B-40E0-B2EE-E5EDCB078811} = {B8193B0B-A5A2-4AA9-92A7-8F9E2B957DAA}
		{723FEFCA-CE9D-435B-841A-93E622849DBB} = {EE080491-7FE2-4405-B71F-26062933720B}
	EndGlobalSection
	GlobalSection(ExtensibilityGlobals) = postSolution
		SolutionGuid = {66B4D74C-8350-47A1-A3BA-9272BF87FA29}
	EndGlobalSection
EndGlobal
